
Microsoft Visual Studio Solution File, Format Version 12.00
# Visual Studio 15
VisualStudioVersion = 15.0.28010.2026
MinimumVisualStudioVersion = 10.0.40219.1
Project("{9A19103F-16F7-4668-BE54-9A1E7A4F7556}") = "Nonsense", "Nonsense\Nonsense.csproj", "{D48561EC-CA1C-4C07-BD61-F511B2FDEBBD}"
EndProject
Project("{9A19103F-16F7-4668-BE54-9A1E7A4F7556}") = "Nonsense.Tests", "Nonsense.Tests\Nonsense.Tests.csproj", "{6DBDEE46-4EFE-48B9-A060-AB21EE7411D4}"
EndProject
Project("{FAE04EC0-301F-11D3-BF4B-00C04F79EFBC}") = "Common", "Common\Common.csproj", "{522168AE-633B-4314-94BB-F7B6CAC3224D}"
EndProject
Global
	GlobalSection(SolutionConfigurationPlatforms) = preSolution
		Debug|Any CPU = Debug|Any CPU
		Release|Any CPU = Release|Any CPU
	EndGlobalSection
	GlobalSection(ProjectConfigurationPlatforms) = postSolution
		{D48561EC-CA1C-4C07-BD61-F511B2FDEBBD}.Debug|Any CPU.ActiveCfg = Debug|Any CPU
		{D48561EC-CA1C-4C07-BD61-F511B2FDEBBD}.Debug|Any CPU.Build.0 = Debug|Any CPU
		{D48561EC-CA1C-4C07-BD61-F511B2FDEBBD}.Release|Any CPU.ActiveCfg = Release|Any CPU
		{D48561EC-CA1C-4C07-BD61-F511B2FDEBBD}.Release|Any CPU.Build.0 = Release|Any CPU
		{6DBDEE46-4EFE-48B9-A060-AB21EE7411D4}.Debug|Any CPU.ActiveCfg = Debug|Any CPU
		{6DBDEE46-4EFE-48B9-A060-AB21EE7411D4}.Debug|Any CPU.Build.0 = Debug|Any CPU
		{6DBDEE46-4EFE-48B9-A060-AB21EE7411D4}.Release|Any CPU.ActiveCfg = Release|Any CPU
		{6DBDEE46-4EFE-48B9-A060-AB21EE7411D4}.Release|Any CPU.Build.0 = Release|Any CPU
		{522168AE-633B-4314-94BB-F7B6CAC3224D}.Debug|Any CPU.ActiveCfg = Debug|Any CPU
		{522168AE-633B-4314-94BB-F7B6CAC3224D}.Debug|Any CPU.Build.0 = Debug|Any CPU
		{522168AE-633B-4314-94BB-F7B6CAC3224D}.Release|Any CPU.ActiveCfg = Release|Any CPU
		{522168AE-633B-4314-94BB-F7B6CAC3224D}.Release|Any CPU.Build.0 = Release|Any CPU
	EndGlobalSection
	GlobalSection(SolutionProperties) = preSolution
		HideSolutionNode = FALSE
	EndGlobalSection
	GlobalSection(ExtensibilityGlobals) = postSolution
		SolutionGuid = {F4BC8E5D-79D4-43F3-BD8A-771403B05D50}
	EndGlobalSection
EndGlobal
